
Microsoft Visual Studio Solution File, Format Version 12.00
# Visual Studio Version 17
VisualStudioVersion = 17.7.34009.444
MinimumVisualStudioVersion = 10.0.40219.1
Project("{FAE04EC0-301F-11D3-BF4B-00C04F79EFBC}") = "PlatformService", "WebApplication1\PlatformService.csproj", "{2085C7D9-C898-4478-84C7-F9FCF642AF50}"
EndProject
Global
	GlobalSection(SolutionConfigurationPlatforms) = preSolution
		Debug|Any CPU = Debug|Any CPU
		Release|Any CPU = Release|Any CPU
	EndGlobalSection
	GlobalSection(ProjectConfigurationPlatforms) = postSolution
		{2085C7D9-C898-4478-84C7-F9FCF642AF50}.Debug|Any CPU.ActiveCfg = Debug|Any CPU
		{2085C7D9-C898-4478-84C7-F9FCF642AF50}.Debug|Any CPU.Build.0 = Debug|Any CPU
		{2085C7D9-C898-4478-84C7-F9FCF642AF50}.Release|Any CPU.ActiveCfg = Release|Any CPU
		{2085C7D9-C898-4478-84C7-F9FCF642AF50}.Release|Any CPU.Build.0 = Release|Any CPU
	EndGlobalSection
	GlobalSection(SolutionProperties) = preSolution
		HideSolutionNode = FALSE
	EndGlobalSection
	GlobalSection(ExtensibilityGlobals) = postSolution
		SolutionGuid = {73462CE6-FF03-421A-AD8C-F59FAF530C32}
	EndGlobalSection
EndGlobal
